{
    "_meta": {
        "hash": {
            "sha256": "c33d1fa106f81792eb865dc62dd3c6df305e5434215814a9db0b9425bd4dfe12"
        },
        "pipfile-spec": 6,
        "requires": {
            "python_version": "3.13"
        },
        "sources": [
            {
                "name": "pypi",
                "url": "https://pypi.org/simple",
                "verify_ssl": true
            }
        ]
    },
    "default": {
        "astroid": {
            "hashes": [
                "sha256:52f39653876c7dec3e3afd4c2696920e05c83832b9737afc21928f2d2eb7a753",
                "sha256:986fed8bcf79fb82c78b18a53352a0b287a73817d6dbcfba3162da36667c49a0"
            ],
            "index": "pypi",
            "markers": "python_full_version >= '3.10.0'",
            "version": "==4.0.4"
        },
        "autopep8": {
            "hashes": [
                "sha256:89440a4f969197b69a995e4ce0661b031f455a9f776d2c5ba3dbd83466931758",
                "sha256:ce8ad498672c845a0c3de2629c15b635ec2b05ef8177a6e7c91c74f3e9b51128"
            ],
            "index": "pypi",
            "markers": "python_version >= '3.9'",
            "version": "==2.3.2"
        },
        "beautifulsoup4": {
            "hashes": [
                "sha256:0918bfe44902e6ad8d57732ba310582e98da931428d231a5ecb9e7c703a735bb",
                "sha256:6292b1c5186d356bba669ef9f7f051757099565ad9ada5dd630bd9de5fa7fb86"
            ],
            "index": "pypi",
            "markers": "python_full_version >= '3.7.0'",
            "version": "==4.14.3"
        },
        "boto3": {
            "hashes": [
                "sha256:03d70532b17f7f84df37ca7e8c21553280454dea53ae12b15d1cfef9b16fcb8a",
                "sha256:04e72071cde022951ce7f81bd9933c90095ab8923e8ced61c8dacfe9edac0f5c"
            ],
            "index": "pypi",
            "markers": "python_version >= '3.9'",
            "version": "==1.42.91"
        },
        "botocore": {
            "hashes": [
                "sha256:7a28c3cc6bfab5724ad18899d52402b776a0de7d87fa20c3c5270bcaaf199ce8",
                "sha256:d252e27bc454afdbf5ed3dc617aa423f2c855c081e98b7963093399483ecc698"
            ],
            "index": "pypi",
            "markers": "python_version >= '3.9'",
            "version": "==1.42.91"
        },
        "certifi": {
            "hashes": [
                "sha256:027692e4402ad994f1c42e52a4997a9763c646b73e4096e4d5d6db8af1d6f0fa",
                "sha256:e887ab5cee78ea814d3472169153c2d12cd43b14bd03329a39a9c6e2e80bfba7"
            ],
            "index": "pypi",
            "markers": "python_version >= '3.7'",
            "version": "==2026.2.25"
        },
        "chardet": {
            "hashes": [
                "sha256:0ac3bf11c645734a1701a3804e43eabd98851838192267d08c353a834ab79fea",
                "sha256:1173b74051570cf08099d7429d92e4882d375ad4217f92a6e5240ccfb26f231e",
                "sha256:23163921dccf3103ce59540b0443c106d2c0a0ff2e0503e05196f5e6fdea453f",
                "sha256:25a862cddc6a9ac07023e808aedd297115345fbaabc2690479481ddc0f980e09",
                "sha256:27cc23da03630cdecc9aa81a895aa86629c211f995cd57651f0fbc280717bf93",
                "sha256:29af5999f654e8729d251f1724a62b538b1262d9292cccaefddf8a02aae1ef6a",
                "sha256:365135eaf37ba65a828f8e668eb0a8c38c479dcbec724dc25f4dfd781049c357",
                "sha256:3990fffcc6a6045f2234ab72752ad037e3b2d48c72037f244d42738db397eb75",
                "sha256:457f619882ba66327d4d8d14c6c342269bdb1e4e1c38e8117df941d14d351b04",
                "sha256:4b2799bd58e7245cfa8d4ab2e8ad1d76a5c3a5b1f32318eb6acca4c69a3e7101",
                "sha256:4c3da294de1a681097848ab58bd3f2771a674f8039d2d87a5538b28856b815e9",
                "sha256:4fbff1907925b0c5a1064cffb5e040cd5e338585c9c552625f30de6bc2f3107a",
                "sha256:5d2879598bc220689e8ce509fe9c3f37ad2fca53a36be9c9bd91abdd91dd364f",
                "sha256:626f00299ad62dfe937058a09572beed442ccc7b58f87aa667949b20fd3db235",
                "sha256:6e3bd9f936e04bae89c254262af08d9e5b98f805175ba1e29d454e6cba3107b7",
                "sha256:7005c88da26fd95d8abb8acbe6281d833e9a9181b03cf49b4546c4555389bd97",
                "sha256:75d3c65cc16bddf40b8da1fd25ba84fca5f8070f2b14e86083653c1c85aee971",
                "sha256:93c45e116dd51b66226a53ade3f9f635e870de5399b90e00ce45dcc311093bf4",
                "sha256:9a4904dd5f071b7a7d7f50b4a67a86db3c902d243bf31708f1d5cde2f68239cb",
                "sha256:9acd9988a93e09390f3cd231201ea7166c415eb8da1b735928990ffc05cb9fbb",
                "sha256:9f3504c139a2ad544077dd2d9e412cd08b01786843d76997cd43bb6de311723c",
                "sha256:a9e4486df251b8962e86ea9f139ca235aa6e0542a00f7844c9a04160afb99aa9",
                "sha256:acc46d1b8b7d5783216afe15db56d1c179b9a40e5a1558bc13164c4fd20674c4",
                "sha256:b95c934b9ad59e2ba8abb9be49df70d3ad1b0d95d864b9fdb7588d4fa8bd921c",
                "sha256:bba8bea1b28d927b3e99e47deafe53658d34497c0a891d95ff1ba8ff6663f01c",
                "sha256:bfc134b70c846c21ead8e43ada3ae1a805fff732f6922f8abcf2ff27b8f6493d",
                "sha256:c0c79b13c9908ac7dfe0a74116ebc9a0f28b2319d23c32f3dfcdfbe1279c7eaf",
                "sha256:c7116b0452994734ccff35e154b44240090eb0f4f74b9106292668133557c175",
                "sha256:c77867f0c1cb8bd819502249fcdc500364aedb07881e11b743726fa2148e7b6e",
                "sha256:cc1d4eb92a4ec1c2df3b490836ffa46922e599d34ce0bb75cf41fd2bf6303d56",
                "sha256:ccc1f83ab4bcfb901cf39e0c4ba6bc6e726fc6264735f10e24ceb5cb47387578",
                "sha256:cf1efeaf65a6ef2f5b9cc3a1df6f08ba2831b369ccaa4c7018eaf90aa757bb11",
                "sha256:cfb54563fe5f130da17c44c6a4e2e8052ba628e5ab4eab7ef8190f736f0f8f72",
                "sha256:d892d3dcd652fdef53e3d6327d39b17c0df40a899dfc919abaeb64c974497531",
                "sha256:dc50f28bad067393cce0af9091052c3b8df7a23115afd8ba7b2e0947f0cef1f8",
                "sha256:e1b98790c284ff813f18f7cf7de5f05ea2435a080030c7f1a8318f3a4f80b131"
            ],
            "index": "pypi",
            "markers": "python_version >= '3.10'",
            "version": "==7.4.3"
        },
        "charset-normalizer": {
            "hashes": [
                "sha256:007d05ec7321d12a40227aae9e2bc6dca73f3cb21058999a1df9e193555a9dcc",
                "sha256:03853ed82eeebbce3c2abfdbc98c96dc205f32a79627688ac9a27370ea61a49c",
                "sha256:07d9e39b01743c3717745f4c530a6349eadbfa043c7577eef86c502c15df2c67",
                "sha256:08e721811161356f97b4059a9ba7bafb23ea5ee2255402c42881c214e173c6b4",
                "sha256:0c96c3b819b5c3e9e165495db84d41914d6894d55181d2d108cc1a69bfc9cce0",
                "sha256:0ea948db76d31190bf08bd371623927ee1339d5f2a0b4b1b4a4439a65298703c",
                "sha256:0f7eb884681e3938906ed0434f20c63046eacd0111c4ba96f27b76084cd679f5",
                "sha256:12a6fff75f6bc66711b73a2f0addfc4c8c15a20e805146a02d147a318962c444",
                "sha256:12d8baf840cc7889b37c7c770f478adea7adce3dcb3944d02ec87508e2dcf153",
                "sha256:14265bfe1f09498b9d8ec91e9ec9fa52775edf90fcbde092b25f4a33d444fea9",
                "sha256:16d971e29578a5e97d7117866d15889a4a07befe0e87e703ed63cd90cb348c01",
                "sha256:177a0ba5f0211d488e295aaf82707237e331c24788d8d76c96c5a41594723217",
                "sha256:1a87ca9d5df6fe460483d9a5bbf2b18f620cbed41b432e2bddb686228282d10b",
                "sha256:1c2a768fdd44ee4a9339a9b0b130049139b8ce3c01d2ce09f67f5a68048d477c",
                "sha256:1c2aed2e5e41f24ea8ef1590b8e848a79b56f3a5564a65ceec43c9d692dc7d8a",
                "sha256:1dc8b0ea451d6e69735094606991f32867807881400f808a106ee1d963c46a83",
                "sha256:1efde3cae86c8c273f1eb3b287be7d8499420cf2fe7585c41d370d3e790054a5",
                "sha256:202389074300232baeb53ae2569a60901f7efadd4245cf3a3bf0617d60b439d7",
                "sha256:203104ed3e428044fd943bc4bf45fa73c0730391f9621e37fe39ecf477b128cb",
                "sha256:2257141f39fe65a3fdf38aeccae4b953e5f3b3324f4ff0daf9f15b8518666a2c",
                "sha256:298930cec56029e05497a76988377cbd7457ba864beeea92ad7e844fe74cd1f1",
                "sha256:2cd4a60d0e2fb04537162c62bbbb4182f53541fe0ede35cdf270a1c1e723cc42",
                "sha256:2d6eb928e13016cea4f1f21d1e10c1cebd5a421bc57ddf5b1142ae3f86824fab",
                "sha256:2fe249cb4651fd12605b7288b24751d8bfd46d35f12a20b1ba33dea122e690df",
                "sha256:30b8d1d8c52a48c2c5690e152c169b673487a2a58de1ec7393196753063fcd5e",
                "sha256:320ade88cfb846b8cd6b4ddf5ee9e80ee0c1f52401f2456b84ae1ae6a1a5f207",
                "sha256:3534e7dcbdcf757da6b85a0bbf5b6868786d5982dd959b065e65481644817a18",
                "sha256:36836d6ff945a00b88ba1e4572d721e60b5b8c98c155d465f56ad19d68f23734",
                "sha256:38c0109396c4cfc574d502df99742a45c72c08eff0a36158b6f04000043dbf38",
                "sha256:3946fa46a0cf3e4c8cb1cc52f56bb536310d34f25f01ca9b6c16afa767dab110",
                "sha256:3bec022aec2c514d9cf199522a802bd007cd588ab17ab2525f20f9c34d067c18",
                "sha256:3c9a494bc5ec77d43cea229c4f6db1e4d8fe7e1bbffa8b6f0f0032430ff8ab44",
                "sha256:3dce51d0f5e7951f8bb4900c257dad282f49190fdbebecd4ba99bcc41fef404d",
                "sha256:3dedcc22d73ec993f42055eff4fcfed9318d1eeb9a6606c55892a26964964e48",
                "sha256:4042d5c8f957e15221d423ba781e85d553722fc4113f523f2feb7b188cc34c5e",
                "sha256:481551899c856c704d58119b5025793fa6730adda3571971af568f66d2424bb5",
                "sha256:4dc1e73c36828f982bfe79fadf5919923f8a6f4df2860804db9a98c48824ce8d",
                "sha256:4e5163c14bffd570ef2affbfdd77bba66383890797df43dc8b4cc7d6f500bf53",
                "sha256:511ef87c8aec0783e08ac18565a16d435372bc1ac25a91e6ac7f5ef2b0bff790",
                "sha256:532bc9bf33a68613fd7d65e4b1c71a6a38d7d42604ecf239c77392e9b4e8998c",
                "sha256:54523e136b8948060c0fa0bc7b1b50c32c186f2fceee897a495406bb6e311d2b",
                "sha256:5649fd1c7bade02f320a462fdefd0b4bd3ce036065836d4f42e0de958038e116",
                "sha256:56be790f86bfb2c98fb742ce566dfb4816e5a83384616ab59c49e0604d49c51d",
                "sha256:5b77459df20e08151cd6f8b9ef8ef1f961ef73d85c21a555c7eed5b79410ec10",
                "sha256:5ed6ab538499c8644b8a3e18debabcd7ce684f3fa91cf867521a7a0279cab2d6",
                "sha256:6178f72c5508bfc5fd446a5905e698c6212932f25bcdd4b47a757a50605a90e2",
                "sha256:6370e8686f662e6a3941ee48ed4742317cafbe5707e36406e9df792cdb535776",
                "sha256:64f02c6841d7d83f832cd97ccf8eb8a906d06eb95d5276069175c696b024b60a",
                "sha256:65bcd23054beab4d166035cabbc868a09c1a49d1efe458fe8e4361215df40265",
                "sha256:66671f93accb62ed07da56613636f3641f1a12c13046ce91ffc923721f23c008",
                "sha256:6696b7688f54f5af4462118f0bfa7c1621eeb87154f77fa04b9295ce7a8f2943",
                "sha256:6785f414ae0f3c733c437e0f3929197934f526d19dfaa75e18fdb4f94c6fb374",
                "sha256:67f6279d125ca0046a7fd386d01b311c6363844deac3e5b069b514ba3e63c246",
                "sha256:6c114670c45346afedc0d947faf3c7f701051d2518b943679c8ff88befe14f8e",
                "sha256:6e0d51f618228538a3e8f46bd246f87a6cd030565e015803691603f55e12afb5",
                "sha256:6ed74185b2db44f41ef35fd1617c5888e59792da9bbc9190d6c7300617182616",
                "sha256:708838739abf24b2ceb208d0e22403dd018faeef86ddac04319a62ae884c4f15",
                "sha256:715479b9a2802ecac752a3b0efa2b0b60285cf962ee38414211abdfccc233b41",
                "sha256:733784b6d6def852c814bce5f318d25da2ee65dd4839a0718641c696e09a2960",
                "sha256:750e02e074872a3fad7f233b47734166440af3cdea0add3e95163110816d6752",
                "sha256:752a45dc4a6934060b3b0dab47e04edc3326575f82be64bc4fc293914566503e",
                "sha256:7579e913a5339fb8fa133f6bbcfd8e6749696206cf05acdbdca71a1b436d8e72",
                "sha256:7641bb8895e77f921102f72833904dcd9901df5d6d72a2ab8f31d04b7e51e4e7",
                "sha256:7804338df6fcc08105c7745f1502ba68d900f45fd770d5bdd5288ddccb8a42d8",
                "sha256:80d04837f55fc81da168b98de4f4b797ef007fc8a79ab71c6ec9bc4dd662b15b",
                "sha256:813c0e0132266c08eb87469a642cb30aaff57c5f426255419572aaeceeaa7bf4",
                "sha256:82b271f5137d07749f7bf32f70b17ab6eaabedd297e75dce75081a24f76eb545",
                "sha256:84c018e49c3bf790f9c2771c45e9313a08c2c2a6342b162cd650258b57817706",
                "sha256:8751d2787c9131302398b11e6c8068053dcb55d5a8964e114b6e196cf16cb366",
                "sha256:8778f0c7a52e56f75d12dae53ae320fae900a8b9b4164b981b9c5ce059cd1fcb",
                "sha256:87fad7d9ba98c86bcb41b2dc8dbb326619be2562af1f8ff50776a39e55721c5a",
                "sha256:8d828b6667a32a728a1ad1d93957cdf37489c57b97ae6c4de2860fa749b8fc1e",
                "sha256:8e385e4267ab76874ae30db04c627faaaf0b509e1ccc11a95b3fc3e83f855c00",
                "sha256:92a0a01ead5e668468e952e4238cccd7c537364eb7d851ab144ab6627dbbe12f",
                "sha256:94e1885b270625a9a828c9793b4d52a64445299baa1fea5a173bf1d3dd9a1a5a",
                "sha256:a180c5e59792af262bf263b21a3c49353f25945d8d9f70628e73de370d55e1e1",
                "sha256:a277ab8928b9f299723bc1a2dabb1265911b1a76341f90a510368ca44ad9ab66",
                "sha256:a5fe03b42827c13cdccd08e6c0247b6a6d4b5e3cdc53fd1749f5896adcdc2356",
                "sha256:a6c5863edfbe888d9eff9c8b8087354e27618d9da76425c119293f11712a6319",
                "sha256:a89c23ef8d2c6b27fd200a42aa4ac72786e7c60d40efdc76e6011260b6e949c4",
                "sha256:adb2597b428735679446b46c8badf467b4ca5f5056aae4d51a19f9570301b1ad",
                "sha256:ae196f021b5e7c78e918242d217db021ed2a6ace2bc6ae94c0fc596221c7f58d",
                "sha256:ae89db9e5f98a11a4bf50407d4363e7b09b31e55bc117b4f7d80aab97ba009e5",
                "sha256:aed52fea0513bac0ccde438c188c8a471c4e0f457c2dd20cdbf6ea7a450046c7",
                "sha256:aef65cd602a6d0e0ff6f9930fcb1c8fec60dd2cfcb6facaf4bdb0e5873042db0",
                "sha256:af21eb4409a119e365397b2adbaca4c9ccab56543a65d5dbd9f920d6ac29f686",
                "sha256:b14b2d9dac08e28bb8046a1a0434b1750eb221c8f5b87a68f4fa11a6f97b5e34",
                "sha256:bb6d88045545b26da47aa879dd4a89a71d1dce0f0e549b1abcb31dfe4a8eac49",
                "sha256:bb8cc7534f51d9a017b93e3e85b260924f909601c3df002bcdb58ddb4dc41a5c",
                "sha256:bc17a677b21b3502a21f66a8cc64f5bfad4df8a0b8434d661666f8ce90ac3af1",
                "sha256:bd6c2a1c7573c64738d716488d2cdd3c00e340e4835707d8fdb8dc1a66ef164e",
                "sha256:bd9b23791fe793e4968dba0c447e12f78e425c59fc0e3b97f6450f4781f3ee60",
                "sha256:c03a41a8784091e67a39648f70c5f97b5b6a37f216896d44d2cdcb82615339a0",
                "sha256:c0f081d69a6e58272819b70288d3221a6ee64b98df852631c80f293514d3b274",
                "sha256:c35abb8bfff0185efac5878da64c45dafd2b37fb0383add1be155a763c1f083d",
                "sha256:c36c333c39be2dbca264d7803333c896ab8fa7d4d6f0ab7edb7dfd7aea6e98c0",
                "sha256:c45e9440fb78f8ddabcf714b68f936737a121355bf59f3907f4e17721b9d1aae",
                "sha256:c593052c465475e64bbfe5dbd81680f64a67fdc752c56d7a0ae205dc8aeefe0f",
                "sha256:cdd68a1fb318e290a2077696b7eb7a21a49163c455979c639bf5a5dcdc46617d",
                "sha256:ce3412fbe1e31eb81ea42f4169ed94861c56e643189e1e75f0041f3fe7020abe",
                "sha256:cf1493cd8607bec4d8a7b9b004e699fcf8f9103a9284cc94962cb73d20f9d4a3",
                "sha256:cf29836da5119f3c8a8a70667b0ef5fdca3bb12f80fd06487cfa575b3909b393",
                "sha256:d4a48e5b3c2a489fae013b7589308a40146ee081f6f509e047e0e096084ceca1",
                "sha256:d560742f3c0d62afaccf9f41fe485ed69bd7661a241f86a3ef0f0fb8b1a397af",
                "sha256:d6038d37043bced98a66e68d3aa2b6a35505dc01328cd65217cefe82f25def44",
                "sha256:d61f00a0869d77422d9b2aba989e2d24afa6ffd552af442e0e58de4f35ea6d00",
                "sha256:d635aab80466bc95771bb78d5370e74d36d1fe31467b6b29b8b57b2a3cd7d22c",
                "sha256:dca4bbc466a95ba9c0234ef56d7dd9509f63da22274589ebd4ed7f1f4d4c54e3",
                "sha256:dd915403e231e6b1809fe9b6d9fc55cf8fb5e02765ac625d9cd623342a7905d7",
                "sha256:e044c39e41b92c845bc815e5ae4230804e8e7bc29e399b0437d64222d92809dd",
                "sha256:e060d01aec0a910bdccb8be71faf34e7799ce36950f8294c8bf612cba65a2c9e",
                "sha256:e1421b502d83040e6d7fb2fb18dff63957f720da3d77b2fbd3187ceb63755d7b",
                "sha256:e17b8d5d6a8c47c85e68ca8379def1303fd360c3e22093a807cd34a71cd082b8",
                "sha256:e5f4d355f0a2b1a31bc3edec6795b46324349c9cb25eed068049e4f472fb4259",
                "sha256:e712b419df8ba5e42b226c510472b37bd57b38e897d3eca5e8cfd410a29fa859",
                "sha256:e74327fb75de8986940def6e8dee4f127cc9752bee7355bb323cc5b2659b6d46",
                "sha256:e80c8378d8f3d83cd3164da1ad2df9e37a666cdde7b1cb2298ed0b558064be30",
                "sha256:e8ac484bf18ce6975760921bb6148041faa8fef0547200386ea0b52b5d27bf7b",
                "sha256:eca9705049ad3c7345d574e3510665cb2cf844c2f2dcfe675332677f081cbd46",
                "sha256:ed065083d0898c9d5b4bbec7b026fd755ff7454e6e8b73a67f8c744b13986e24",
                "sha256:edac0f1ab77644605be2cbba52e6b7f630731fc42b34cb0f634be1a6eface56a",
                "sha256:effc3f449787117233702311a1b7d8f59cba9ced946ba727bdc329ec69028e24",
                "sha256:f22dec1690b584cea26fade98b2435c132c1b5f68e39f5a0b7627cd7ae31f1dc",
                "sha256:f495a1652cf3fbab2eb0639776dad966c2fb874d79d87ca07f9d5f059b8bd215",
                "sha256:f496c9c3cc02230093d8330875c4c3cdfc3b73612a5fd921c65d39cbcef08063",
                "sha256:f59099f9b66f0d7145115e6f80dd8b1d847176df89b234a5a6b3f00437aa0832",
                "sha256:f59ad4c0e8f6bba240a9bb85504faa1ab438237199d4cce5f622761507b8f6a6",
                "sha256:fbccdc05410c9ee21bbf16a35f4c1d16123dcdeb8a1d38f33654fa21d0234f79",
                "sha256:fea24543955a6a729c45a73fe90e08c743f0b3334bbf3201e6c4bc1b0c7fa464"
            ],
            "markers": "python_version >= '3.7'",
            "version": "==3.4.7"
        },
        "dill": {
            "hashes": [
                "sha256:1e1ce33e978ae97fcfcff5638477032b801c46c7c65cf717f95fbc2248f79a9d",
                "sha256:423092df4182177d4d8ba8290c8a5b640c66ab35ec7da59ccfa00f6fa3eea5fa"
            ],
            "markers": "python_version >= '3.9'",
            "version": "==0.4.1"
        },
        "docutils": {
            "hashes": [
                "sha256:4db53b1fde9abecbb74d91230d32ab626d94f6badfc575d6db9194a49df29968",
                "sha256:d0013f540772d1420576855455d050a2180186c91c15779301ac2ccb3eeb68de"
            ],
            "index": "pypi",
            "markers": "python_version >= '3.9'",
            "version": "==0.22.4"
        },
        "icalendar": {
            "hashes": [
                "sha256:8c9fea6d3a89671bba8b6938d8565b4d0ec465c6a2796ef0f92790dcb9e627cd",
                "sha256:95027ece087ab87184d765f03761f25875821f74cdd18d3b57e9c868216d8fde"
            ],
            "index": "pypi",
            "markers": "python_version >= '3.10'",
            "version": "==7.0.3"
        },
        "idna": {
            "hashes": [
                "sha256:771a87f49d9defaf64091e6e6fe9c18d4833f140bd19464795bc32d966ca37ea",
                "sha256:795dafcc9c04ed0c1fb032c2aa73654d8e8c5023a7df64a53f39190ada629902"
            ],
            "index": "pypi",
            "markers": "python_version >= '3.8'",
            "version": "==3.11"
        },
        "isort": {
            "hashes": [
                "sha256:171ac4ff559cdc060bcfff550bc8404a486fee0caab245679c2abe7cb253c78d",
                "sha256:28b89bc70f751b559aeca209e6120393d43fbe2490de0559662be7a9787e3d75"
            ],
            "index": "pypi",
            "markers": "python_full_version >= '3.10.0'",
            "version": "==8.0.1"
        },
        "jmespath": {
            "hashes": [
                "sha256:472c87d80f36026ae83c6ddd0f1d05d4e510134ed462851fd5f754c8c3cbb88d",
                "sha256:a5663118de4908c91729bea0acadca56526eb2698e83de10cd116ae0f4e97c64"
            ],
            "index": "pypi",
            "markers": "python_version >= '3.9'",
            "version": "==1.1.0"
        },
        "lazy-object-proxy": {
            "hashes": [
                "sha256:029d2b355076710505c9545aef5ab3f750d89779310e26ddf2b7b23f6ea03cd8",
                "sha256:08c465fb5cd23527512f9bd7b4c7ba6cec33e28aad36fbbe46bf7b858f9f3f7f",
                "sha256:0a83c6f7a6b2bfc11ef3ed67f8cbe99f8ff500b05655d8e7df9aab993a6abc95",
                "sha256:1192e8c2f1031a6ff453ee40213afa01ba765b3dc861302cd91dbdb2e2660b00",
                "sha256:14e348185adbd03ec17d051e169ec45686dcd840a3779c9d4c10aabe2ca6e1c0",
                "sha256:15400b18893f345857b9e18b9bd87bd06aba84af6ed086187add70aeaa3f93f1",
                "sha256:1cf69cd1a6c7fe2dbcc3edaa017cf010f4192e53796538cc7d5e1fedbfa4bcff",
                "sha256:1f5a462d92fd0cfb82f1fab28b51bfb209fabbe6aabf7f0d51472c0c124c0c61",
                "sha256:256262384ebd2a77b023ad02fbcc9326282bcfd16484d5531154b02bc304f4c5",
                "sha256:31020c84005d3daa4cc0fa5a310af2066efe6b0d82aeebf9ab199292652ff036",
                "sha256:338ab2f132276203e404951205fe80c3fd59429b3a724e7b662b2eb539bb1be9",
                "sha256:3605b632e82a1cbc32a1e5034278a64db555b3496e0795723ee697006b980508",
                "sha256:3d3964fbd326578bcdfffd017ef101b6fb0484f34e731fe060ba9b8816498c36",
                "sha256:424a8ab6695400845c39f13c685050eab69fa0bbac5790b201cd27375e5e41d7",
                "sha256:4a79b909aa16bde8ae606f06e6bbc9d3219d2e57fb3e0076e17879072b742c65",
                "sha256:4ab2c584e3cc8be0dfca422e05ad30a9abe3555ce63e9ab7a559f62f8dbc6ff9",
                "sha256:53c7fd99eb156bbb82cbc5d5188891d8fdd805ba6c1e3b92b90092da2a837073",
                "sha256:563d2ec8e4d4b68ee7848c5ab4d6057a6d703cb7963b342968bb8758dda33a23",
                "sha256:61d5e3310a4aa5792c2b599a7a78ccf8687292c8eb09cf187cca8f09cf6a7519",
                "sha256:6763941dbf97eea6b90f5b06eb4da9418cc088fce0e3883f5816090f9afcde4a",
                "sha256:67f07ab742f1adfb3966c40f630baaa7902be4222a17941f3d85fd1dae5565ff",
                "sha256:717484c309df78cedf48396e420fa57fc8a2b1f06ea889df7248fdd156e58847",
                "sha256:75ba769017b944fcacbf6a80c18b2761a1795b03f8899acdad1f1c39db4409be",
                "sha256:7601ec171c7e8584f8ff3f4e440aa2eebf93e854f04639263875b8c2971f819f",
                "sha256:7b22c2bbfb155706b928ac4d74c1a63ac8552a55ba7fff4445155523ea4067e1",
                "sha256:800f32b00a47c27446a2b767df7538e6c66a3488632c402b4fb2224f9794f3c0",
                "sha256:81d1852fb30fab81696f93db1b1e55a5d1ff7940838191062f5f56987d5fcc3e",
                "sha256:86fd61cb2ba249b9f436d789d1356deae69ad3231dc3c0f17293ac535162672e",
                "sha256:8c40b3c9faee2e32bfce0df4ae63f4e73529766893258eca78548bac801c8f66",
                "sha256:8ee0d6027b760a11cc18281e702c0309dd92da458a74b4c15025d7fc490deede",
                "sha256:997b1d6e10ecc6fb6fe0f2c959791ae59599f41da61d652f6c903d1ee58b7370",
                "sha256:a61095f5d9d1a743e1e20ec6d6db6c2ca511961777257ebd9b288951b23b44fa",
                "sha256:a6b7ea5ea1ffe15059eb44bcbcb258f97bcb40e139b88152c40d07b1a1dfc9ac",
                "sha256:ae575ad9b674d0029fc077c5231b3bc6b433a3d1a62a8c363df96974b5534728",
                "sha256:be5fe974e39ceb0d6c9db0663c0464669cf866b2851c73971409b9566e880eab",
                "sha256:be9045646d83f6c2664c1330904b245ae2371b5c57a3195e4028aedc9f999655",
                "sha256:c1ca33565f698ac1aece152a10f432415d1a2aa9a42dfe23e5ba2bc255ab91f6",
                "sha256:c3b2e0af1f7f77c4263759c4824316ce458fabe0fceadcd24ef8ca08b2d1e402",
                "sha256:c4fcbe74fb85df8ba7825fa05eddca764138da752904b378f0ae5ab33a36c308",
                "sha256:c9defba70ab943f1df98a656247966d7729da2fe9c2d5d85346464bf320820a3",
                "sha256:cc6e3614eca88b1c8a625fc0a47d0d745e7c3255b21dac0e30b3037c5e3deeb8",
                "sha256:d01c7819a410f7c255b20799b65d36b414379a30c6f1684c7bd7eb6777338c1b",
                "sha256:efff4375a8c52f55a145dc8487a2108c2140f0bec4151ab4e1843e52eb9987ad",
                "sha256:fdc70d81235fc586b9e3d1aeef7d1553259b62ecaae9db2167a5d2550dcc391a"
            ],
            "index": "pypi",
            "markers": "python_version >= '3.9'",
            "version": "==1.12.0"
        },
        "mccabe": {
            "hashes": [
                "sha256:348e0240c33b60bbdf4e523192ef919f28cb2c3d7d5c7794f74009290f236325",
                "sha256:6c2d30ab6be0e4a46919781807b4f0d834ebdd6c6e3dca0bda5a15f863427b6e"
            ],
            "index": "pypi",
            "markers": "python_version >= '3.6'",
            "version": "==0.7.0"
        },
        "platformdirs": {
            "hashes": [
                "sha256:3bfa75b0ad0db84096ae777218481852c0ebc6c727b3168c1b9e0118e458cf0a",
                "sha256:e61adb1d5e5cb3441b4b7710bea7e4c12250ca49439228cc1021c00dcfac0917"
            ],
            "markers": "python_version >= '3.10'",
            "version": "==4.9.6"
        },
        "pycodestyle": {
            "hashes": [
                "sha256:c4b5b517d278089ff9d0abdec919cd97262a3367449ea1c8b49b91529167b783",
                "sha256:dd6bf7cb4ee77f8e016f9c8e74a35ddd9f67e1d5fd4184d86c3b98e07099f42d"
            ],
            "index": "pypi",
            "markers": "python_version >= '3.9'",
            "version": "==2.14.0"
        },
        "pylint": {
            "hashes": [
                "sha256:00f51c9b14a3b3ae08cff6b2cdd43f28165c78b165b628692e428fb1f8dc2cf2",
                "sha256:8cd6a618df75deb013bd7eb98327a95f02a6fb839205a6bbf5456ef96afb317c"
            ],
            "index": "pypi",
            "markers": "python_full_version >= '3.10.0'",
            "version": "==4.0.5"
        },
        "python-dateutil": {
            "hashes": [
                "sha256:37dd54208da7e1cd875388217d5e00ebd4179249f90fb72437e91a35459a0ad3",
                "sha256:a8b2bc7bffae282281c8140a97d3aa9c14da0b136dfe83f850eea9a5f7470427"
            ],
            "index": "pypi",
            "markers": "python_version >= '2.7' and python_version not in '3.0, 3.1, 3.2'",
            "version": "==2.9.0.post0"
        },
        "python-slugify": {
            "hashes": [
                "sha256:276540b79961052b66b7d116620b36518847f52d5fd9e3a70164fc8c50faa6b8",
                "sha256:59202371d1d05b54a9e7720c5e038f928f45daaffe41dd10822f3907b937c856"
            ],
            "index": "pypi",
            "markers": "python_version >= '3.7'",
            "version": "==8.0.4"
        },
        "pytz": {
            "hashes": [
                "sha256:3378dde6a0c3d26719182142c56e60c7f9af7e968076f31aae569d72a0358ee1",
                "sha256:f2fd16142fda348286a75e1a524be810bb05d444e5a081f37f7affc635035f7a"
            ],
            "index": "pypi",
            "version": "==2026.1.post1"
        },
        "requests": {
            "hashes": [
                "sha256:18817f8c57c6263968bc123d237e3b8b08ac046f5456bd1e307ee8f4250d3517",
                "sha256:4e6d1ef462f3626a1f0a0a9c42dd93c63bad33f9f1c1937509b8c5c8718ab56a"
            ],
            "index": "pypi",
            "markers": "python_version >= '3.10'",
            "version": "==2.33.1"
        },
        "s3transfer": {
            "hashes": [
                "sha256:18e25d66fed509e3868dc1572b3f427ff947dd2c56f844a5bf09481ad3f3b2fe",
                "sha256:8e990f13268025792229cd52fa10cb7163744bf56e719e0b9cb925ab79abf920"
            ],
            "index": "pypi",
            "markers": "python_version >= '3.9'",
            "version": "==0.16.0"
        },
        "six": {
            "hashes": [
                "sha256:4721f391ed90541fddacab5acf947aa0d3dc7d27b2e1e8eda2be8970586c3274",
                "sha256:ff70335d468e7eb6ec65b95b99d3a2836546063f63acc5171de367e834932a81"
            ],
            "index": "pypi",
            "markers": "python_version >= '2.7' and python_version not in '3.0, 3.1, 3.2'",
            "version": "==1.17.0"
        },
        "soupsieve": {
            "hashes": [
                "sha256:3267f1eeea4251fb42728b6dfb746edc9acaffc4a45b27e19450b676586e8349",
                "sha256:ed64f2ba4eebeab06cc4962affce381647455978ffc1e36bb79a545b91f45a95"
            ],
            "markers": "python_version >= '3.9'",
            "version": "==2.8.3"
        },
        "text-unidecode": {
            "hashes": [
                "sha256:1311f10e8b895935241623731c2ba64f4c455287888b18189350b67134a822e8",
                "sha256:bad6603bb14d279193107714b288be206cac565dfa49aa5b105294dd5c4aab93"
            ],
            "index": "pypi",
            "version": "==1.3"
        },
        "tomlkit": {
            "hashes": [
                "sha256:592064ed85b40fa213469f81ac584f67a4f2992509a7c3ea2d632208623a3680",
                "sha256:cf00efca415dbd57575befb1f6634c4f42d2d87dbba376128adb42c121b87064"
            ],
            "markers": "python_version >= '3.9'",
            "version": "==0.14.0"
        },
        "typing-extensions": {
            "hashes": [
                "sha256:0cea48d173cc12fa28ecabc3b837ea3cf6f38c6d1136f85cbaaf598984861466",
                "sha256:f0fa19c6845758ab08074a0cfa8b7aecb71c999ca73d62883bc25cc018c4e548"
            ],
            "markers": "python_version >= '3.9'",
            "version": "==4.15.0"
        },
        "tzdata": {
            "hashes": [
                "sha256:4b1d2be7ac37ceafd7327b961aa3a54e467efbdb563a23655fbfe0d39cfc42a9",
                "sha256:67658a1903c75917309e753fdc349ac0efd8c27db7a0cb406a25be4840f87f98"
            ],
            "markers": "python_version >= '2'",
            "version": "==2026.1"
        },
        "unidecode": {
            "hashes": [
                "sha256:c3c7606c27503ad8d501270406e345ddb480a7b5f38827eafe4fa82a137f0021",
                "sha256:ce35985008338b676573023acc382d62c264f307c8f7963733405add37ea2b23"
            ],
            "index": "pypi",
            "markers": "python_version >= '3.7'",
            "version": "==1.4.0"
        },
        "urllib3": {
            "hashes": [
                "sha256:1b62b6884944a57dbe321509ab94fd4d3b307075e0c2eae991ac71ee15ad38ed",
                "sha256:bf272323e553dfb2e87d9bfd225ca7b0f467b919d7bbd355436d3fd37cb0acd4"
            ],
            "index": "pypi",
            "markers": "python_version >= '3.9'",
            "version": "==2.6.3"
        },
        "wrapt": {
            "hashes": [
                "sha256:08ffa54146a7559f5b8df4b289b46d963a8e74ed16ba3687f99896101a3990c5",
                "sha256:0fc04bc8664a8bc4c8e00b37b5355cffca2535209fba1abb09ae2b7c76ddf82b",
                "sha256:1370e516598854e5b4366e09ce81e08bfe94d42b0fd569b88ec46cc56d9164a9",
                "sha256:162e4e2ba7542da9027821cb6e7c5e068d64f9a10b5f15512ea28e954893a267",
                "sha256:16997dfb9d67addc2e3f41b62a104341e80cac52f91110dece393923c0ebd5ca",
                "sha256:1c51c738d7d9faa0b3601708e7e2eda9bf779e1b601dce6c77411f2a1b324a63",
                "sha256:1c6cc827c00dc839350155f316f1f8b4b0c370f52b6a19e782e2bda89600c7dc",
                "sha256:2b8b28e97a44d21836259739ae76284e180b18abbb4dcfdff07a415cf1016c3e",
                "sha256:2d3ff4f0024dd224290c0eabf0240f1bfc1f26363431505fb1b0283d3b08f11d",
                "sha256:305d8a1755116bfdad5dda9e771dcb2138990a1d66e9edd81658816edf51aed1",
                "sha256:3144b027ff30cbd2fca07c0a87e67011adb717eb5f5bd8496325c17e454257a3",
                "sha256:3278c471f4468ad544a691b31bb856374fbdefb7fee1a152153e64019379f015",
                "sha256:3756219045f73fb28c5d7662778e4156fbd06cf823c4d2d4b19f97305e52819c",
                "sha256:3769a77df8e756d65fbc050333f423c01ae012b4f6731aaf70cf2bef61b34596",
                "sha256:3969c56e4563c375861c8df14fa55146e81ac11c8db49ea6fb7f2ba58bc1ff9a",
                "sha256:3996a67eecc2c68fd47b4e3c564405a5777367adfd9b8abb58387b63ee83b21e",
                "sha256:3b8d15e52e195813efe5db8cec156eebe339aaf84222f4f4f051a6c01f237ed7",
                "sha256:3beb22f674550d5634642c645aba4c72a2c66fb185ae1aebe1e955fae5a13baf",
                "sha256:3d7b6fd105f8b24e5bd23ccf41cb1d1099796524bcc6f7fbb8fe576c44befbc9",
                "sha256:4006c351de6d5007aa33a551f600404ba44228a89e833d2fadc5caa5de8edfbf",
                "sha256:45914e8efbe4b9d5102fcf0e8e2e3258b83a5d5fba9f8f7b6d15681e9d29ffe0",
                "sha256:467e7c76315390331c67073073d00662015bb730c566820c9ca9b54e4d67fd04",
                "sha256:478282ebd3795a089154fb16d3db360e103aa13d3b2ad30f8f6aac0d2207de0e",
                "sha256:4b7a86d99a14f76facb269dc148590c01aaf47584071809a70da30555228158c",
                "sha256:4bdf26e03e6d0da3f0e9422fd36bcebf7bc0eeb55fdf9c727a09abc6b9fe472e",
                "sha256:5681123e60aed0e64c7d44f72bbf8b4ce45f79d81467e2c4c728629f5baf06eb",
                "sha256:577dff354e7acd9d411eaf4bfe76b724c89c89c8fc9b7e127ee28c5f7bcb25b6",
                "sha256:57d7c0c980abdc5f1d98b11a2aa3bb159790add80258c717fa49a99921456d90",
                "sha256:5a0a0a3a882393095573344075189eb2d566e0fd205a2b6414e9997b1b800a8b",
                "sha256:5c35b5d82b16a3bc6e0a04349b606a0582bc29f573786aebe98e0c159bc48db6",
                "sha256:5e0fa9cc32300daf9eb09a1f5bdc6deb9a79defd70d5356ba453bcd50aef3742",
                "sha256:62503ffbc2d3a69891cf29beeaccdb4d5e0a126e2b6a851688d4777e01428dbb",
                "sha256:6433ea84e1cfacf32021d2a4ee909554ade7fd392caa6f7c13f1f4bf7b8e8748",
                "sha256:64a07a71d2730ba56f11d1a4b91f7817dc79bc134c11516b75d1921a7c6fcda1",
                "sha256:6de1a3851c27e0bd6a04ca993ea6f80fc53e6c742ee1601f486c08e9f9b900a9",
                "sha256:6f2c5390460de57fa9582bc8a1b7a6c86e1a41dfad74c5225fc07044c15cc8d1",
                "sha256:6f8dbdd3719e534860d6a78526aafc220e0241f981367018c2875178cf83a413",
                "sha256:6f97edc9842cf215312b75fe737ee7c8adda75a89979f8e11558dfff6343cc4b",
                "sha256:710f6e5dfaf6a5d5c397d2d6758a78fecd9649deb21f1b645f5b57a328d63050",
                "sha256:72aaa9d0d8e4ed0e2e98019cea47a21f823c9dd4b43c7b77bba6679ffcca6a00",
                "sha256:76405518ca4e1b76fbb1b9f686cff93aebae03920cc55ceeec48ff9f719c5f67",
                "sha256:767c0dbbe76cae2a60dd2b235ac0c87c9cccf4898aef8062e57bead46b5f6894",
                "sha256:776867878e83130c7a04237010463372e877c1c994d449ca6aaafeab6aab2586",
                "sha256:787fd6f4d67befa6fe2abdffcbd3de2d82dfc6fb8a6d850407c53332709d030b",
                "sha256:79847b83eb38e70d93dc392c7c5b587efe65b3e7afcc167aa8abd5d60e8761c8",
                "sha256:7dfa9f2cf65d027b951d05c662cc99ee3bd01f6e4691ed39848a7a5fffc902b2",
                "sha256:84ce8f1c2104d2f6daa912b1b5b039f331febfeee74f8042ad4e04992bd95c8f",
                "sha256:866abdbf4612e0b34764922ef8b1c5668867610a718d3053d59e24a5e5fcfc15",
                "sha256:96159a0ee2b0277d44201c3b5be479a9979cf154e8c82fa5df49586a8e7679bb",
                "sha256:970d57ed83fa040d8b20c52fe74a6ae7e3775ae8cff5efd6a81e06b19078484c",
                "sha256:98ba61833a77b747901e9012072f038795de7fc77849f1faa965464f3f87ff2d",
                "sha256:9c691a6bc752c0cc4711cc0c00896fcd0f116abc253609ef64ef930032821842",
                "sha256:a5d516e22aedb7c9c1d47cba1c63160b1a6f61ec2f3948d127cd38d5cfbb556f",
                "sha256:a76d61a2e851996150ba0f80582dd92a870643fa481f3b3846f229de88caf044",
                "sha256:a819e39017f95bf7aede768f75915635aa8f671f2993c036991b8d3bfe8dbb6f",
                "sha256:a8914c754d3134a3032601c6984db1c576e6abaf3fc68094bb8ab1379d75ff92",
                "sha256:a9372fc3639a878c8e7d87e1556fa209091b0a66e912c611e3f833e2c4202be2",
                "sha256:a93cd767e37faeddbe07d8fc4212d5cba660af59bdb0f6372c93faaa13e6e679",
                "sha256:a9b9d50c9af998875a1482a038eb05755dfd6fe303a313f6a940bb53a83c3f18",
                "sha256:a9dd9813825f7ecb018c17fd147a01845eb330254dff86d3b5816f20f4d6aaf8",
                "sha256:b89f095fe98bc12107f82a9f7d570dc83a0870291aeb6b1d7a7d35575f55d98a",
                "sha256:b8aefb4dbb18d904b96827435a763fa42fc1f08ea096a391710407a60983ced8",
                "sha256:b8fd6fa2b2c4e7621808f8c62e8317f4aae56e59721ad933bac5239d913cf0e8",
                "sha256:bbac24d879aa22998e87f6b3f481a5216311e7d53c7db87f189a7a0266dafffb",
                "sha256:c0be8b5a74c5824e9359b53e7e58bef71a729bacc82e16587db1c4ebc91f7c5a",
                "sha256:c20b757c268d30d6215916a5fa8461048d023865d888e437fab451139cad6c8e",
                "sha256:c7e6cd120ef837d5b6f860a6ea3745f8763805c418bb2f12eeb1fa6e25f22d22",
                "sha256:c87cf3f0c85e27b3ac7d9ad95da166bf8739ca215a8b171e8404a2d739897a45",
                "sha256:c8e46ae8e4032792eb2f677dbd0d557170a8e5524d22acc55199f43efedd39bf",
                "sha256:cef91c95a50596fcdc31397eb6955476f82ae8a3f5a8eabdc13611b60ee380ba",
                "sha256:d1c5fea4f9fe3762e2b905fdd67df51e4be7a73b7674957af2d2ade71a5c075d",
                "sha256:d307aa6888d5efab2c1cde09843d48c843990be13069003184b67d426d145394",
                "sha256:d8f7740e1af13dff2684e4d56fe604a7e04d6c94e737a60568d8d4238b9a0c71",
                "sha256:da1f00a557c66225d53b095a97eace0fc5349e3bfda28fa34ffae238978ee575",
                "sha256:dad63212b168de8569b1c512f4eac4b57f2c6934b30df32d6ee9534a79f1493f",
                "sha256:de9f1a2bbc5ac7f6012ec24525bdd444765a2ff64b5985ac6e0692144838542e",
                "sha256:e3d3b35eedcf5f7d022291ecd7533321c4775f7b9cd0050a31a68499ba45757c",
                "sha256:e5aeab8fe15c3dff75cfee94260dcd9cded012d4ff06add036c28fae7718593b",
                "sha256:e6ed62c82ddf58d001096ae84ce7f833db97ae2263bff31c9b336ba8cfe3f508",
                "sha256:eba8155747eb2cae4a0b913d9ebd12a1db4d860fc4c829d7578c7b989bd3f2f0",
                "sha256:f01277d9a5fc1862f26f7626da9cf443bebc0abd2f303f41c5e995b15887dabd",
                "sha256:f069e113743a21a3defac6677f000068ebb931639f789b5b226598e247a4c89e",
                "sha256:f0d8fc30a43b5fe191cf2b1a0c82bab2571dadd38e7c0062ee87d6df858dd06e",
                "sha256:f29c827a8d9936ac320746747a016c4bc66ef639f5cd0d32df24f5eacbf9c69f",
                "sha256:f3b7d73012ea75aee5844de58c88f44cf62d0d62711e39da5a82824a7c4626a8",
                "sha256:f8bc1c264d8d1cf5b3560a87bbdd31131573eb25f9f9447bb6252b8d4c44a3a1",
                "sha256:f8fba1bae256186a83d1875b2b1f4e2d1242e8fac0f58ec0d7e41b26967b965c",
                "sha256:fab036efe5464ec3291411fabb80a7a39e2dd80bae9bcbeeca5087fdfa891e19",
                "sha256:ff2aad9c4cda28a8f0653fc2d487596458c2a3f475e56ba02909e950a9efa6a9",
                "sha256:ff95d4264e55839be37bafe1536db2ab2de19da6b65f9244f01f332b5286cfbf"
            ],
            "index": "pypi",
            "markers": "python_version >= '3.9'",
            "version": "==2.1.2"
        }
    },
    "develop": {}
}
